github.com/relaunch-cot/lib-relaunch-cot v0.0.0-20251023172515-35bc997eb055 h1:rvdjTNZnGozdkp8Yg/wPmmMtsTRi/AbCaQa+KYE1kb8=
github.com/relaunch-cot/lib-relaunch-cot v0.0.0-20251023172515-35bc997eb055/go.mod h1:AnBqPVRdO0Fr/Cscv1OszBA5hDJCM4LylAvj39riXws=
github.com/relaunch-cot/lib-relaunch-cot v0.0.0-20251024022506-a9e348caa8ea h1:6RhwBHEYO7w4t889Xnp14jjOInsHmFbnVjsnI50udsc=
github.com/relaunch-cot/lib-relaunch-cot v0.0.0-20251024022506-a9e348caa8ea/go.mod h1:AnBqPVRdO0Fr/Cscv1OszBA5hDJCM4LylAvj39riXws=
